
Microsoft Visual Studio Solution File, Format Version 12.00
# Visual Studio 15
VisualStudioVersion = 15.0.28307.168
MinimumVisualStudioVersion = 10.0.40219.1
Project("{FAE04EC0-301F-11D3-BF4B-00C04F79EFBC}") = "Market.DAL", "Market.DAL\Market.DAL.csproj", "{3DCE8CFF-6FE1-4996-9708-92E1DEC4308A}"
EndProject
Project("{FAE04EC0-301F-11D3-BF4B-00C04F79EFBC}") = "Market.BLL", "Market.BLL\Market.BLL.csproj", "{13CCE572-6980-40B1-A4D0-8B8045275F70}"
EndProject
Project("{FAE04EC0-301F-11D3-BF4B-00C04F79EFBC}") = "Market.Models", "Market.Models\Market.Models.csproj", "{C5F05D2E-A9B7-468A-8E0A-EA88FA4244F5}"
EndProject
Global
	GlobalSection(SolutionConfigurationPlatforms) = preSolution
		Debug|Any CPU = Debug|Any CPU
		Release|Any CPU = Release|Any CPU
	EndGlobalSection
	GlobalSection(ProjectConfigurationPlatforms) = postSolution
		{3DCE8CFF-6FE1-4996-9708-92E1DEC4308A}.Debug|Any CPU.ActiveCfg = Debug|Any CPU
		{3DCE8CFF-6FE1-4996-9708-92E1DEC4308A}.Debug|Any CPU.Build.0 = Debug|Any CPU
		{3DCE8CFF-6FE1-4996-9708-92E1DEC4308A}.Release|Any CPU.ActiveCfg = Release|Any CPU
		{3DCE8CFF-6FE1-4996-9708-92E1DEC4308A}.Release|Any CPU.Build.0 = Release|Any CPU
		{13CCE572-6980-40B1-A4D0-8B8045275F70}.Debug|Any CPU.ActiveCfg = Debug|Any CPU
		{13CCE572-6980-40B1-A4D0-8B8045275F70}.Debug|Any CPU.Build.0 = Debug|Any CPU
		{13CCE572-6980-40B1-A4D0-8B8045275F70}.Release|Any CPU.ActiveCfg = Release|Any CPU
		{13CCE572-6980-40B1-A4D0-8B8045275F70}.Release|Any CPU.Build.0 = Release|Any CPU
		{C5F05D2E-A9B7-468A-8E0A-EA88FA4244F5}.Debug|Any CPU.ActiveCfg = Debug|Any CPU
		{C5F05D2E-A9B7-468A-8E0A-EA88FA4244F5}.Debug|Any CPU.Build.0 = Debug|Any CPU
		{C5F05D2E-A9B7-468A-8E0A-EA88FA4244F5}.Release|Any CPU.ActiveCfg = Release|Any CPU
		{C5F05D2E-A9B7-468A-8E0A-EA88FA4244F5}.Release|Any CPU.Build.0 = Release|Any CPU
	EndGlobalSection
	GlobalSection(SolutionProperties) = preSolution
		HideSolutionNode = FALSE
	EndGlobalSection
	GlobalSection(ExtensibilityGlobals) = postSolution
		SolutionGuid = {997AFDD5-A619-405C-B9AF-9F8BA7EE0C72}
	EndGlobalSection
EndGlobal
